
Microsoft Visual Studio Solution File, Format Version 12.00
# Visual Studio Version 16
VisualStudioVersion = 16.0.31729.503
MinimumVisualStudioVersion = 10.0.40219.1
Project("{FAE04EC0-301F-11D3-BF4B-00C04F79EFBC}") = "homeW4-4", "homeW4-4.csproj", "{BF455C32-65DA-4360-A004-D2C6DC282EF7}"
EndProject
Global
	GlobalSection(SolutionConfigurationPlatforms) = preSolution
		Debug|Any CPU = Debug|Any CPU
		Release|Any CPU = Release|Any CPU
	EndGlobalSection
	GlobalSection(ProjectConfigurationPlatforms) = postSolution
		{BF455C32-65DA-4360-A004-D2C6DC282EF7}.Debug|Any CPU.ActiveCfg = Debug|Any CPU
		{BF455C32-65DA-4360-A004-D2C6DC282EF7}.Debug|Any CPU.Build.0 = Debug|Any CPU
		{BF455C32-65DA-4360-A004-D2C6DC282EF7}.Release|Any CPU.ActiveCfg = Release|Any CPU
		{BF455C32-65DA-4360-A004-D2C6DC282EF7}.Release|Any CPU.Build.0 = Release|Any CPU
	EndGlobalSection
	GlobalSection(SolutionProperties) = preSolution
		HideSolutionNode = FALSE
	EndGlobalSection
	GlobalSection(ExtensibilityGlobals) = postSolution
		SolutionGuid = {C9B5895B-98CB-410C-A498-611BE346631F}
	EndGlobalSection
EndGlobal
