
Microsoft Visual Studio Solution File, Format Version 12.00
# Visual Studio Version 16
VisualStudioVersion = 16.0.31729.503
MinimumVisualStudioVersion = 10.0.40219.1
Project("{FAE04EC0-301F-11D3-BF4B-00C04F79EFBC}") = "homeW4-3", "homeW4-3.csproj", "{28A25175-1CD9-4601-8987-919234F103E3}"
EndProject
Global
	GlobalSection(SolutionConfigurationPlatforms) = preSolution
		Debug|Any CPU = Debug|Any CPU
		Release|Any CPU = Release|Any CPU
	EndGlobalSection
	GlobalSection(ProjectConfigurationPlatforms) = postSolution
		{28A25175-1CD9-4601-8987-919234F103E3}.Debug|Any CPU.ActiveCfg = Debug|Any CPU
		{28A25175-1CD9-4601-8987-919234F103E3}.Debug|Any CPU.Build.0 = Debug|Any CPU
		{28A25175-1CD9-4601-8987-919234F103E3}.Release|Any CPU.ActiveCfg = Release|Any CPU
		{28A25175-1CD9-4601-8987-919234F103E3}.Release|Any CPU.Build.0 = Release|Any CPU
	EndGlobalSection
	GlobalSection(SolutionProperties) = preSolution
		HideSolutionNode = FALSE
	EndGlobalSection
	GlobalSection(ExtensibilityGlobals) = postSolution
		SolutionGuid = {595DB1C1-9E78-4F1E-9064-181865C07393}
	EndGlobalSection
EndGlobal
